
Microsoft Visual Studio Solution File, Format Version 12.00
# Visual Studio Version 17
VisualStudioVersion = 17.0.32014.148
MinimumVisualStudioVersion = 10.0.40219.1
Project("{9A19103F-16F7-4668-BE54-9A1E7A4F7556}") = "CRM.Server", "CRM\Server\CRM.Server.csproj", "{48C4C06D-A7C4-4AA6-9BD4-0811ACE8050D}"
EndProject
Project("{9A19103F-16F7-4668-BE54-9A1E7A4F7556}") = "CRM.Client", "CRM\Client\CRM.Client.csproj", "{276A5929-9FCB-47AA-A7B7-DAE8434965DF}"
EndProject
Project("{9A19103F-16F7-4668-BE54-9A1E7A4F7556}") = "CRM.Shared", "CRM\Shared\CRM.Shared.csproj", "{92F2C783-D3F4-4EDD-8F39-E660ED798F2E}"
EndProject
Project("{9A19103F-16F7-4668-BE54-9A1E7A4F7556}") = "BlazoringComponents", "BlazoringComponents\BlazoringComponents.csproj", "{11814C69-1D6D-45AD-B758-E2A3C8119047}"
EndProject
Project("{9A19103F-16F7-4668-BE54-9A1E7A4F7556}") = "AGUtility", "AGUtility\AGUtility.csproj", "{77075461-E1C5-4CC3-BDFA-F85972271A98}"
EndProject
Project("{FAE04EC0-301F-11D3-BF4B-00C04F79EFBC}") = "CRM.WebAPI", "CRM.WebAPI\CRM.WebAPI.csproj", "{4B52004F-DEB7-4E9D-A162-E0406E010951}"
EndProject
Project("{2150E333-8FDC-42A3-9474-1A3956D46DE8}") = "CRM", "CRM", "{6C04245A-EBAD-5A33-2982-8A909F7FF904}"
EndProject
Project("{2150E333-8FDC-42A3-9474-1A3956D46DE8}") = "Tests", "Tests", "{4084F910-7938-E351-4E42-3EA3EE27C19D}"
EndProject
Project("{FAE04EC0-301F-11D3-BF4B-00C04F79EFBC}") = "CRM.Tests", "CRM\Tests\CRM.Tests.csproj", "{72724E10-951A-4F8D-9F77-AF8A3550795D}"
EndProject
Project("{2150E333-8FDC-42A3-9474-1A3956D46DE8}") = "Server", "Server", "{82AEC446-0B95-0CE3-FF1D-BDF39DAB993F}"
EndProject
Project("{FAE04EC0-301F-11D3-BF4B-00C04F79EFBC}") = "CRM.Mobile", "CRM.Mobile\CRM.Mobile.csproj", "{C9C27D13-5445-4307-9C72-9B45478D0A2B}"
EndProject
Global
	GlobalSection(SolutionConfigurationPlatforms) = preSolution
		Debug|Any CPU = Debug|Any CPU
		Debug|x64 = Debug|x64
		Debug|x86 = Debug|x86
		Release|Any CPU = Release|Any CPU
		Release|x64 = Release|x64
		Release|x86 = Release|x86
	EndGlobalSection
	GlobalSection(ProjectConfigurationPlatforms) = postSolution
		{48C4C06D-A7C4-4AA6-9BD4-0811ACE8050D}.Debug|Any CPU.ActiveCfg = Debug|Any CPU
		{48C4C06D-A7C4-4AA6-9BD4-0811ACE8050D}.Debug|Any CPU.Build.0 = Debug|Any CPU
		{48C4C06D-A7C4-4AA6-9BD4-0811ACE8050D}.Debug|x64.ActiveCfg = Debug|Any CPU
		{48C4C06D-A7C4-4AA6-9BD4-0811ACE8050D}.Debug|x64.Build.0 = Debug|Any CPU
		{48C4C06D-A7C4-4AA6-9BD4-0811ACE8050D}.Debug|x86.ActiveCfg = Debug|Any CPU
		{48C4C06D-A7C4-4AA6-9BD4-0811ACE8050D}.Debug|x86.Build.0 = Debug|Any CPU
		{48C4C06D-A7C4-4AA6-9BD4-0811ACE8050D}.Release|Any CPU.ActiveCfg = Release|Any CPU
		{48C4C06D-A7C4-4AA6-9BD4-0811ACE8050D}.Release|Any CPU.Build.0 = Release|Any CPU
		{48C4C06D-A7C4-4AA6-9BD4-0811ACE8050D}.Release|x64.ActiveCfg = Release|Any CPU
		{48C4C06D-A7C4-4AA6-9BD4-0811ACE8050D}.Release|x64.Build.0 = Release|Any CPU
		{48C4C06D-A7C4-4AA6-9BD4-0811ACE8050D}.Release|x86.ActiveCfg = Release|Any CPU
		{48C4C06D-A7C4-4AA6-9BD4-0811ACE8050D}.Release|x86.Build.0 = Release|Any CPU
		{276A5929-9FCB-47AA-A7B7-DAE8434965DF}.Debug|Any CPU.ActiveCfg = Debug|Any CPU
		{276A5929-9FCB-47AA-A7B7-DAE8434965DF}.Debug|Any CPU.Build.0 = Debug|Any CPU
		{276A5929-9FCB-47AA-A7B7-DAE8434965DF}.Debug|x64.ActiveCfg = Debug|Any CPU
		{276A5929-9FCB-47AA-A7B7-DAE8434965DF}.Debug|x64.Build.0 = Debug|Any CPU
		{276A5929-9FCB-47AA-A7B7-DAE8434965DF}.Debug|x86.ActiveCfg = Debug|Any CPU
		{276A5929-9FCB-47AA-A7B7-DAE8434965DF}.Debug|x86.Build.0 = Debug|Any CPU
		{276A5929-9FCB-47AA-A7B7-DAE8434965DF}.Release|Any CPU.ActiveCfg = Release|Any CPU
		{276A5929-9FCB-47AA-A7B7-DAE8434965DF}.Release|Any CPU.Build.0 = Release|Any CPU
		{276A5929-9FCB-47AA-A7B7-DAE8434965DF}.Release|x64.ActiveCfg = Release|Any CPU
		{276A5929-9FCB-47AA-A7B7-DAE8434965DF}.Release|x64.Build.0 = Release|Any CPU
		{276A5929-9FCB-47AA-A7B7-DAE8434965DF}.Release|x86.ActiveCfg = Release|Any CPU
		{276A5929-9FCB-47AA-A7B7-DAE8434965DF}.Release|x86.Build.0 = Release|Any CPU
		{92F2C783-D3F4-4EDD-8F39-E660ED798F2E}.Debug|Any CPU.ActiveCfg = Debug|Any CPU
		{92F2C783-D3F4-4EDD-8F39-E660ED798F2E}.Debug|Any CPU.Build.0 = Debug|Any CPU
		{92F2C783-D3F4-4EDD-8F39-E660ED798F2E}.Debug|x64.ActiveCfg = Debug|Any CPU
		{92F2C783-D3F4-4EDD-8F39-E660ED798F2E}.Debug|x64.Build.0 = Debug|Any CPU
		{92F2C783-D3F4-4EDD-8F39-E660ED798F2E}.Debug|x86.ActiveCfg = Debug|Any CPU
		{92F2C783-D3F4-4EDD-8F39-E660ED798F2E}.Debug|x86.Build.0 = Debug|Any CPU
		{92F2C783-D3F4-4EDD-8F39-E660ED798F2E}.Release|Any CPU.ActiveCfg = Release|Any CPU
		{92F2C783-D3F4-4EDD-8F39-E660ED798F2E}.Release|Any CPU.Build.0 = Release|Any CPU
		{92F2C783-D3F4-4EDD-8F39-E660ED798F2E}.Release|x64.ActiveCfg = Release|Any CPU
		{92F2C783-D3F4-4EDD-8F39-E660ED798F2E}.Release|x64.Build.0 = Release|Any CPU
		{92F2C783-D3F4-4EDD-8F39-E660ED798F2E}.Release|x86.ActiveCfg = Release|Any CPU
		{92F2C783-D3F4-4EDD-8F39-E660ED798F2E}.Release|x86.Build.0 = Release|Any CPU
		{11814C69-1D6D-45AD-B758-E2A3C8119047}.Debug|Any CPU.ActiveCfg = Debug|Any CPU
		{11814C69-1D6D-45AD-B758-E2A3C8119047}.Debug|Any CPU.Build.0 = Debug|Any CPU
		{11814C69-1D6D-45AD-B758-E2A3C8119047}.Debug|x64.ActiveCfg = Debug|Any CPU
		{11814C69-1D6D-45AD-B758-E2A3C8119047}.Debug|x64.Build.0 = Debug|Any CPU
		{11814C69-1D6D-45AD-B758-E2A3C8119047}.Debug|x86.ActiveCfg = Debug|Any CPU
		{11814C69-1D6D-45AD-B758-E2A3C8119047}.Debug|x86.Build.0 = Debug|Any CPU
		{11814C69-1D6D-45AD-B758-E2A3C8119047}.Release|Any CPU.ActiveCfg = Release|Any CPU
		{11814C69-1D6D-45AD-B758-E2A3C8119047}.Release|Any CPU.Build.0 = Release|Any CPU
		{11814C69-1D6D-45AD-B758-E2A3C8119047}.Release|x64.ActiveCfg = Release|Any CPU
		{11814C69-1D6D-45AD-B758-E2A3C8119047}.Release|x64.Build.0 = Release|Any CPU
		{11814C69-1D6D-45AD-B758-E2A3C8119047}.Release|x86.ActiveCfg = Release|Any CPU
		{11814C69-1D6D-45AD-B758-E2A3C8119047}.Release|x86.Build.0 = Release|Any CPU
		{77075461-E1C5-4CC3-BDFA-F85972271A98}.Debug|Any CPU.ActiveCfg = Debug|Any CPU
		{77075461-E1C5-4CC3-BDFA-F85972271A98}.Debug|Any CPU.Build.0 = Debug|Any CPU
		{77075461-E1C5-4CC3-BDFA-F85972271A98}.Debug|x64.ActiveCfg = Debug|Any CPU
		{77075461-E1C5-4CC3-BDFA-F85972271A98}.Debug|x64.Build.0 = Debug|Any CPU
		{77075461-E1C5-4CC3-BDFA-F85972271A98}.Debug|x86.ActiveCfg = Debug|Any CPU
		{77075461-E1C5-4CC3-BDFA-F85972271A98}.Debug|x86.Build.0 = Debug|Any CPU
		{77075461-E1C5-4CC3-BDFA-F85972271A98}.Release|Any CPU.ActiveCfg = Release|Any CPU
		{77075461-E1C5-4CC3-BDFA-F85972271A98}.Release|Any CPU.Build.0 = Release|Any CPU
		{77075461-E1C5-4CC3-BDFA-F85972271A98}.Release|x64.ActiveCfg = Release|Any CPU
		{77075461-E1C5-4CC3-BDFA-F85972271A98}.Release|x64.Build.0 = Release|Any CPU
		{77075461-E1C5-4CC3-BDFA-F85972271A98}.Release|x86.ActiveCfg = Release|Any CPU
		{77075461-E1C5-4CC3-BDFA-F85972271A98}.Release|x86.Build.0 = Release|Any CPU
		{4B52004F-DEB7-4E9D-A162-E0406E010951}.Debug|Any CPU.ActiveCfg = Debug|Any CPU
		{4B52004F-DEB7-4E9D-A162-E0406E010951}.Debug|Any CPU.Build.0 = Debug|Any CPU
		{4B52004F-DEB7-4E9D-A162-E0406E010951}.Debug|x64.ActiveCfg = Debug|Any CPU
		{4B52004F-DEB7-4E9D-A162-E0406E010951}.Debug|x64.Build.0 = Debug|Any CPU
		{4B52004F-DEB7-4E9D-A162-E0406E010951}.Debug|x86.ActiveCfg = Debug|Any CPU
		{4B52004F-DEB7-4E9D-A162-E0406E010951}.Debug|x86.Build.0 = Debug|Any CPU
		{4B52004F-DEB7-4E9D-A162-E0406E010951}.Release|Any CPU.ActiveCfg = Release|Any CPU
		{4B52004F-DEB7-4E9D-A162-E0406E010951}.Release|Any CPU.Build.0 = Release|Any CPU
		{4B52004F-DEB7-4E9D-A162-E0406E010951}.Release|x64.ActiveCfg = Release|Any CPU
		{4B52004F-DEB7-4E9D-A162-E0406E010951}.Release|x64.Build.0 = Release|Any CPU
		{4B52004F-DEB7-4E9D-A162-E0406E010951}.Release|x86.ActiveCfg = Release|Any CPU
		{4B52004F-DEB7-4E9D-A162-E0406E010951}.Release|x86.Build.0 = Release|Any CPU
		{72724E10-951A-4F8D-9F77-AF8A3550795D}.Debug|Any CPU.ActiveCfg = Debug|Any CPU
		{72724E10-951A-4F8D-9F77-AF8A3550795D}.Debug|Any CPU.Build.0 = Debug|Any CPU
		{72724E10-951A-4F8D-9F77-AF8A3550795D}.Debug|x64.ActiveCfg = Debug|Any CPU
		{72724E10-951A-4F8D-9F77-AF8A3550795D}.Debug|x64.Build.0 = Debug|Any CPU
		{72724E10-951A-4F8D-9F77-AF8A3550795D}.Debug|x86.ActiveCfg = Debug|Any CPU
		{72724E10-951A-4F8D-9F77-AF8A3550795D}.Debug|x86.Build.0 = Debug|Any CPU
		{72724E10-951A-4F8D-9F77-AF8A3550795D}.Release|Any CPU.ActiveCfg = Release|Any CPU
		{72724E10-951A-4F8D-9F77-AF8A3550795D}.Release|Any CPU.Build.0 = Release|Any CPU
		{72724E10-951A-4F8D-9F77-AF8A3550795D}.Release|x64.ActiveCfg = Release|Any CPU
		{72724E10-951A-4F8D-9F77-AF8A3550795D}.Release|x64.Build.0 = Release|Any CPU
		{72724E10-951A-4F8D-9F77-AF8A3550795D}.Release|x86.ActiveCfg = Release|Any CPU
		{72724E10-951A-4F8D-9F77-AF8A3550795D}.Release|x86.Build.0 = Release|Any CPU
		{C9C27D13-5445-4307-9C72-9B45478D0A2B}.Debug|Any CPU.ActiveCfg = Debug|Any CPU
		{C9C27D13-5445-4307-9C72-9B45478D0A2B}.Debug|Any CPU.Build.0 = Debug|Any CPU
		{C9C27D13-5445-4307-9C72-9B45478D0A2B}.Debug|x64.ActiveCfg = Debug|Any CPU
		{C9C27D13-5445-4307-9C72-9B45478D0A2B}.Debug|x64.Build.0 = Debug|Any CPU
		{C9C27D13-5445-4307-9C72-9B45478D0A2B}.Debug|x86.ActiveCfg = Debug|Any CPU
		{C9C27D13-5445-4307-9C72-9B45478D0A2B}.Debug|x86.Build.0 = Debug|Any CPU
		{C9C27D13-5445-4307-9C72-9B45478D0A2B}.Release|Any CPU.ActiveCfg = Release|Any CPU
		{C9C27D13-5445-4307-9C72-9B45478D0A2B}.Release|Any CPU.Build.0 = Release|Any CPU
		{C9C27D13-5445-4307-9C72-9B45478D0A2B}.Release|x64.ActiveCfg = Release|Any CPU
		{C9C27D13-5445-4307-9C72-9B45478D0A2B}.Release|x64.Build.0 = Release|Any CPU
		{C9C27D13-5445-4307-9C72-9B45478D0A2B}.Release|x86.ActiveCfg = Release|Any CPU
		{C9C27D13-5445-4307-9C72-9B45478D0A2B}.Release|x86.Build.0 = Release|Any CPU
	EndGlobalSection
	GlobalSection(SolutionProperties) = preSolution
		HideSolutionNode = FALSE
	EndGlobalSection
	GlobalSection(NestedProjects) = preSolution
		{4084F910-7938-E351-4E42-3EA3EE27C19D} = {6C04245A-EBAD-5A33-2982-8A909F7FF904}
		{72724E10-951A-4F8D-9F77-AF8A3550795D} = {4084F910-7938-E351-4E42-3EA3EE27C19D}
		{82AEC446-0B95-0CE3-FF1D-BDF39DAB993F} = {6C04245A-EBAD-5A33-2982-8A909F7FF904}
	EndGlobalSection
	GlobalSection(ExtensibilityGlobals) = postSolution
		SolutionGuid = {53267CAA-ABEC-4C56-933F-17BA49E25B99}
	EndGlobalSection
EndGlobal
